
Microsoft Visual Studio Solution File, Format Version 12.00
# Visual Studio Version 17
VisualStudioVersion = 17.8.34511.84
MinimumVisualStudioVersion = 10.0.40219.1
Project("{FAE04EC0-301F-11D3-BF4B-00C04F79EFBC}") = "Calculator", "Calculator\Calculator.csproj", "{9AEB9C1D-8303-4ACF-BE14-771740327F47}"
EndProject
Global
	GlobalSection(SolutionConfigurationPlatforms) = preSolution
		Debug|Any CPU = Debug|Any CPU
		Release|Any CPU = Release|Any CPU
	EndGlobalSection
	GlobalSection(ProjectConfigurationPlatforms) = postSolution
		{9AEB9C1D-8303-4ACF-BE14-771740327F47}.Debug|Any CPU.ActiveCfg = Debug|Any CPU
		{9AEB9C1D-8303-4ACF-BE14-771740327F47}.Debug|Any CPU.Build.0 = Debug|Any CPU
		{9AEB9C1D-8303-4ACF-BE14-771740327F47}.Release|Any CPU.ActiveCfg = Release|Any CPU
		{9AEB9C1D-8303-4ACF-BE14-771740327F47}.Release|Any CPU.Build.0 = Release|Any CPU
	EndGlobalSection
	GlobalSection(SolutionProperties) = preSolution
		HideSolutionNode = FALSE
	EndGlobalSection
	GlobalSection(ExtensibilityGlobals) = postSolution
		SolutionGuid = {98EC38D2-E74B-40A6-8B14-C8B3FE30F3DA}
	EndGlobalSection
EndGlobal
